
Microsoft Visual Studio Solution File, Format Version 12.00
# Visual Studio Version 16
VisualStudioVersion = 16.0.30517.126
MinimumVisualStudioVersion = 10.0.40219.1
Project("{FAE04EC0-301F-11D3-BF4B-00C04F79EFBC}") = "ChrysaEditor", "ChrysaEditor.csproj", "{C93D86D0-38A9-49B2-BFB7-49AA2C2CE6DF}"
EndProject
Global
	GlobalSection(SolutionConfigurationPlatforms) = preSolution
		Debug|Any CPU = Debug|Any CPU
		Release|Any CPU = Release|Any CPU
	EndGlobalSection
	GlobalSection(ProjectConfigurationPlatforms) = postSolution
		{C93D86D0-38A9-49B2-BFB7-49AA2C2CE6DF}.Debug|Any CPU.ActiveCfg = Debug|Any CPU
		{C93D86D0-38A9-49B2-BFB7-49AA2C2CE6DF}.Debug|Any CPU.Build.0 = Debug|Any CPU
		{C93D86D0-38A9-49B2-BFB7-49AA2C2CE6DF}.Release|Any CPU.ActiveCfg = Release|Any CPU
		{C93D86D0-38A9-49B2-BFB7-49AA2C2CE6DF}.Release|Any CPU.Build.0 = Release|Any CPU
	EndGlobalSection
	GlobalSection(SolutionProperties) = preSolution
		HideSolutionNode = FALSE
	EndGlobalSection
	GlobalSection(ExtensibilityGlobals) = postSolution
		SolutionGuid = {2D470349-080B-4DF7-B606-7D7D8B3B6658}
	EndGlobalSection
EndGlobal
